
Microsoft Visual Studio Solution File, Format Version 12.00
# Visual Studio Version 17
VisualStudioVersion = 17.12.35527.113 d17.12
MinimumVisualStudioVersion = 10.0.40219.1
Project("{FAE04EC0-301F-11D3-BF4B-00C04F79EFBC}") = "Messenger", "Messenger\Messenger.csproj", "{E907151C-2E60-4901-9DC9-22A6007675B8}"
EndProject
Project("{FAE04EC0-301F-11D3-BF4B-00C04F79EFBC}") = "Messenger.Service", "Messenger.Service\Messenger.Service.csproj", "{95741AF7-72F5-4139-A574-CEA3C9A8797F}"
EndProject
Project("{FAE04EC0-301F-11D3-BF4B-00C04F79EFBC}") = "Messenger.Domain", "Messenger.Domain\Messenger.Domain.csproj", "{252DE386-B897-453B-826D-5CFE02BCBF21}"
EndProject
Global
	GlobalSection(SolutionConfigurationPlatforms) = preSolution
		Debug|Any CPU = Debug|Any CPU
		Release|Any CPU = Release|Any CPU
	EndGlobalSection
	GlobalSection(ProjectConfigurationPlatforms) = postSolution
		{E907151C-2E60-4901-9DC9-22A6007675B8}.Debug|Any CPU.ActiveCfg = Debug|Any CPU
		{E907151C-2E60-4901-9DC9-22A6007675B8}.Debug|Any CPU.Build.0 = Debug|Any CPU
		{E907151C-2E60-4901-9DC9-22A6007675B8}.Release|Any CPU.ActiveCfg = Release|Any CPU
		{E907151C-2E60-4901-9DC9-22A6007675B8}.Release|Any CPU.Build.0 = Release|Any CPU
		{95741AF7-72F5-4139-A574-CEA3C9A8797F}.Debug|Any CPU.ActiveCfg = Debug|Any CPU
		{95741AF7-72F5-4139-A574-CEA3C9A8797F}.Debug|Any CPU.Build.0 = Debug|Any CPU
		{95741AF7-72F5-4139-A574-CEA3C9A8797F}.Release|Any CPU.ActiveCfg = Release|Any CPU
		{95741AF7-72F5-4139-A574-CEA3C9A8797F}.Release|Any CPU.Build.0 = Release|Any CPU
		{252DE386-B897-453B-826D-5CFE02BCBF21}.Debug|Any CPU.ActiveCfg = Debug|Any CPU
		{252DE386-B897-453B-826D-5CFE02BCBF21}.Debug|Any CPU.Build.0 = Debug|Any CPU
		{252DE386-B897-453B-826D-5CFE02BCBF21}.Release|Any CPU.ActiveCfg = Release|Any CPU
		{252DE386-B897-453B-826D-5CFE02BCBF21}.Release|Any CPU.Build.0 = Release|Any CPU
	EndGlobalSection
	GlobalSection(SolutionProperties) = preSolution
		HideSolutionNode = FALSE
	EndGlobalSection
EndGlobal
